# generated by rye
# use `rye lock` or `rye sync` to update this lockfile
#
# last locked with the following flags:
#   pre: false
#   features: []
#   all-features: false
#   with-sources: false

-e file:.
pyqt6==6.6.1
    # via static-ip-manager
pyqt6-qt6==6.6.3
    # via pyqt6
pyqt6-sip==13.6.0
    # via pyqt6
